{
  "version": "5",
  "specifiers": {
    "jsr:@std/assert@^1.0.12": "1.0.13",
    "jsr:@std/fs@^1.0.16": "1.0.17",
    "jsr:@std/internal@^1.0.6": "1.0.6",
    "jsr:@std/path@^1.0.8": "1.0.9",
    "jsr:@std/path@^1.0.9": "1.0.9",
    "jsr:@std/testing@*": "1.0.11",
    "npm:@types/hast@3.0.4": "3.0.4",
    "npm:rehype-stringify@10.0.1": "10.0.1",
    "npm:remark-parse@11.0.0": "11.0.0",
    "npm:remark-rehype@11.1.2": "11.1.2",
    "npm:unified@11.0.5": "11.0.5",
    "npm:unist-util-visit@5.0.0": "5.0.0"
  },
  "jsr": {
    "@std/assert@1.0.13": {
      "integrity": "ae0d31e41919b12c656c742b22522c32fb26ed0cba32975cb0de2a273cb68b29"
    },
    "@std/fs@1.0.17": {
      "integrity": "1c00c632677c1158988ef7a004cb16137f870aafdb8163b9dce86ec652f3952b",
      "dependencies": [
        "jsr:@std/path@^1.0.9"
      ]
    },
    "@std/internal@1.0.6": {
      "integrity": "9533b128f230f73bd209408bb07a4b12f8d4255ab2a4d22a1fd6d87304aca9a4"
    },
    "@std/path@1.0.9": {
      "integrity": "260a49f11edd3db93dd38350bf9cd1b4d1366afa98e81b86167b4e3dd750129e"
    },
    "@std/testing@1.0.11": {
      "integrity": "12b3db12d34f0f385a26248933bde766c0f8c5ad8b6ab34d4d38f528ab852f48",
      "dependencies": [
        "jsr:@std/assert",
        "jsr:@std/fs",
        "jsr:@std/internal",
        "jsr:@std/path@^1.0.8"
      ]
    }
  },
  "npm": {
    "@types/debug@4.1.12": {
      "integrity": "sha512-vIChWdVG3LG1SMxEvI/AK+FWJthlrqlTu7fbrlywTkkaONwk/UAGaULXRlf8vkzFBLVm0zkMdCquhL5aOjhXPQ==",
      "dependencies": [
        "@types/ms"
      ]
    },
    "@types/hast@3.0.4": {
      "integrity": "sha512-WPs+bbQw5aCj+x6laNGWLH3wviHtoCv/P3+otBhbOhJgG8qtpdAMlTCxLtsTWA7LH1Oh/bFCHsBn0TPS5m30EQ==",
      "dependencies": [
        "@types/unist"
      ]
    },
    "@types/mdast@4.0.4": {
      "integrity": "sha512-kGaNbPh1k7AFzgpud/gMdvIm5xuECykRR+JnWKQno9TAXVa6WIVCGTPvYGekIDL4uwCZQSYbUxNBSb1aUo79oA==",
      "dependencies": [
        "@types/unist"
      ]
    },
    "@types/ms@2.1.0": {
      "integrity": "sha512-GsCCIZDE/p3i96vtEqx+7dBUGXrc7zeSK3wwPHIaRThS+9OhWIXRqzs4d6k1SVU8g91DrNRWxWUGhp5KXQb2VA=="
    },
    "@types/unist@3.0.3": {
      "integrity": "sha512-ko/gIFJRv177XgZsZcBwnqJN5x/Gien8qNOn0D5bQU/zAzVf9Zt3BlcUiLqhV9y4ARk0GbT3tnUiPNgnTXzc/Q=="
    },
    "@ungap/structured-clone@1.3.0": {
      "integrity": "sha512-WmoN8qaIAo7WTYWbAZuG8PYEhn5fkz7dZrqTBZ7dtt//lL2Gwms1IcnQ5yHqjDfX8Ft5j4YzDM23f87zBfDe9g=="
    },
    "bail@2.0.2": {
      "integrity": "sha512-0xO6mYd7JB2YesxDKplafRpsiOzPt9V02ddPCLbY1xYGPOX24NTyN50qnUxgCPcSoYMhKpAuBTjQoRZCAkUDRw=="
    },
    "ccount@2.0.1": {
      "integrity": "sha512-eyrF0jiFpY+3drT6383f1qhkbGsLSifNAjA61IUjZjmLCWjItY6LB9ft9YhoDgwfmclB2zhu51Lc7+95b8NRAg=="
    },
    "character-entities-html4@2.1.0": {
      "integrity": "sha512-1v7fgQRj6hnSwFpq1Eu0ynr/CDEw0rXo2B61qXrLNdHZmPKgb7fqS1a2JwF0rISo9q77jDI8VMEHoApn8qDoZA=="
    },
    "character-entities-legacy@3.0.0": {
      "integrity": "sha512-RpPp0asT/6ufRm//AJVwpViZbGM/MkjQFxJccQRHmISF/22NBtsHqAWmL+/pmkPWoIUJdWyeVleTl1wydHATVQ=="
    },
    "character-entities@2.0.2": {
      "integrity": "sha512-shx7oQ0Awen/BRIdkjkvz54PnEEI/EjwXDSIZp86/KKdbafHh1Df/RYGBhn4hbe2+uKC9FnT5UCEdyPz3ai9hQ=="
    },
    "comma-separated-tokens@2.0.3": {
      "integrity": "sha512-Fu4hJdvzeylCfQPp9SGWidpzrMs7tTrlu6Vb8XGaRGck8QSNZJJp538Wrb60Lax4fPwR64ViY468OIUTbRlGZg=="
    },
    "debug@4.4.0": {
      "integrity": "sha512-6WTZ/IxCY/T6BALoZHaE4ctp9xm+Z5kY/pzYaCHRFeyVhojxlrm+46y68HA6hr0TcwEssoxNiDEUJQjfPZ/RYA==",
      "dependencies": [
        "ms"
      ]
    },
    "decode-named-character-reference@1.1.0": {
      "integrity": "sha512-Wy+JTSbFThEOXQIR2L6mxJvEs+veIzpmqD7ynWxMXGpnk3smkHQOp6forLdHsKpAMW9iJpaBBIxz285t1n1C3w==",
      "dependencies": [
        "character-entities"
      ]
    },
    "dequal@2.0.3": {
      "integrity": "sha512-0je+qPKHEMohvfRTCEo3CrPG6cAzAYgmzKyxRiYSSDkS6eGJdyVJm7WaYA5ECaAD9wLB2T4EEeymA5aFVcYXCA=="
    },
    "devlop@1.1.0": {
      "integrity": "sha512-RWmIqhcFf1lRYBvNmr7qTNuyCt/7/ns2jbpp1+PalgE/rDQcBT0fioSMUpJ93irlUhC5hrg4cYqe6U+0ImW0rA==",
      "dependencies": [
        "dequal"
      ]
    },
    "extend@3.0.2": {
      "integrity": "sha512-fjquC59cD7CyW6urNXK0FBufkZcoiGG80wTuPujX590cB5Ttln20E2UB4S/WARVqhXffZl2LNgS+gQdPIIim/g=="
    },
    "hast-util-to-html@9.0.5": {
      "integrity": "sha512-OguPdidb+fbHQSU4Q4ZiLKnzWo8Wwsf5bZfbvu7//a9oTYoqD/fWpe96NuHkoS9h0ccGOTe0C4NGXdtS0iObOw==",
      "dependencies": [
        "@types/hast",
        "@types/unist",
        "ccount",
        "comma-separated-tokens",
        "hast-util-whitespace",
        "html-void-elements",
        "mdast-util-to-hast",
        "property-information",
        "space-separated-tokens",
        "stringify-entities",
        "zwitch"
      ]
    },
    "hast-util-whitespace@3.0.0": {
      "integrity": "sha512-88JUN06ipLwsnv+dVn+OIYOvAuvBMy/Qoi6O7mQHxdPXpjy+Cd6xRkWwux7DKO+4sYILtLBRIKgsdpS2gQc7qw==",
      "dependencies": [
        "@types/hast"
      ]
    },
    "html-void-elements@3.0.0": {
      "integrity": "sha512-bEqo66MRXsUGxWHV5IP0PUiAWwoEjba4VCzg0LjFJBpchPaTfyfCKTG6bc5F8ucKec3q5y6qOdGyYTSBEvhCrg=="
    },
    "is-plain-obj@4.1.0": {
      "integrity": "sha512-+Pgi+vMuUNkJyExiMBt5IlFoMyKnr5zhJ4Uspz58WOhBF5QoIZkFyNHIbBAtHwzVAgk5RtndVNsDRN61/mmDqg=="
    },
    "mdast-util-from-markdown@2.0.2": {
      "integrity": "sha512-uZhTV/8NBuw0WHkPTrCqDOl0zVe1BIng5ZtHoDk49ME1qqcjYmmLmOf0gELgcRMxN4w2iuIeVso5/6QymSrgmA==",
      "dependencies": [
        "@types/mdast",
        "@types/unist",
        "decode-named-character-reference",
        "devlop",
        "mdast-util-to-string",
        "micromark",
        "micromark-util-decode-numeric-character-reference",
        "micromark-util-decode-string",
        "micromark-util-normalize-identifier",
        "micromark-util-symbol",
        "micromark-util-types",
        "unist-util-stringify-position"
      ]
    },
    "mdast-util-to-hast@13.2.0": {
      "integrity": "sha512-QGYKEuUsYT9ykKBCMOEDLsU5JRObWQusAolFMeko/tYPufNkRffBAQjIE+99jbA87xv6FgmjLtwjh9wBWajwAA==",
      "dependencies": [
        "@types/hast",
        "@types/mdast",
        "@ungap/structured-clone",
        "devlop",
        "micromark-util-sanitize-uri",
        "trim-lines",
        "unist-util-position",
        "unist-util-visit",
        "vfile"
      ]
    },
    "mdast-util-to-string@4.0.0": {
      "integrity": "sha512-0H44vDimn51F0YwvxSJSm0eCDOJTRlmN0R1yBh4HLj9wiV1Dn0QoXGbvFAWj2hSItVTlCmBF1hqKlIyUBVFLPg==",
      "dependencies": [
        "@types/mdast"
      ]
    },
    "micromark-core-commonmark@2.0.3": {
      "integrity": "sha512-RDBrHEMSxVFLg6xvnXmb1Ayr2WzLAWjeSATAoxwKYJV94TeNavgoIdA0a9ytzDSVzBy2YKFK+emCPOEibLeCrg==",
      "dependencies": [
        "decode-named-character-reference",
        "devlop",
        "micromark-factory-destination",
        "micromark-factory-label",
        "micromark-factory-space",
        "micromark-factory-title",
        "micromark-factory-whitespace",
        "micromark-util-character",
        "micromark-util-chunked",
        "micromark-util-classify-character",
        "micromark-util-html-tag-name",
        "micromark-util-normalize-identifier",
        "micromark-util-resolve-all",
        "micromark-util-subtokenize",
        "micromark-util-symbol",
        "micromark-util-types"
      ]
    },
    "micromark-factory-destination@2.0.1": {
      "integrity": "sha512-Xe6rDdJlkmbFRExpTOmRj9N3MaWmbAgdpSrBQvCFqhezUn4AHqJHbaEnfbVYYiexVSs//tqOdY/DxhjdCiJnIA==",
      "dependencies": [
        "micromark-util-character",
        "micromark-util-symbol",
        "micromark-util-types"
      ]
    },
    "micromark-factory-label@2.0.1": {
      "integrity": "sha512-VFMekyQExqIW7xIChcXn4ok29YE3rnuyveW3wZQWWqF4Nv9Wk5rgJ99KzPvHjkmPXF93FXIbBp6YdW3t71/7Vg==",
      "dependencies": [
        "devlop",
        "micromark-util-character",
        "micromark-util-symbol",
        "micromark-util-types"
      ]
    },
    "micromark-factory-space@2.0.1": {
      "integrity": "sha512-zRkxjtBxxLd2Sc0d+fbnEunsTj46SWXgXciZmHq0kDYGnck/ZSGj9/wULTV95uoeYiK5hRXP2mJ98Uo4cq/LQg==",
      "dependencies": [
        "micromark-util-character",
        "micromark-util-types"
      ]
    },
    "micromark-factory-title@2.0.1": {
      "integrity": "sha512-5bZ+3CjhAd9eChYTHsjy6TGxpOFSKgKKJPJxr293jTbfry2KDoWkhBb6TcPVB4NmzaPhMs1Frm9AZH7OD4Cjzw==",
      "dependencies": [
        "micromark-factory-space",
        "micromark-util-character",
        "micromark-util-symbol",
        "micromark-util-types"
      ]
    },
    "micromark-factory-whitespace@2.0.1": {
      "integrity": "sha512-Ob0nuZ3PKt/n0hORHyvoD9uZhr+Za8sFoP+OnMcnWK5lngSzALgQYKMr9RJVOWLqQYuyn6ulqGWSXdwf6F80lQ==",
      "dependencies": [
        "micromark-factory-space",
        "micromark-util-character",
        "micromark-util-symbol",
        "micromark-util-types"
      ]
    },
    "micromark-util-character@2.1.1": {
      "integrity": "sha512-wv8tdUTJ3thSFFFJKtpYKOYiGP2+v96Hvk4Tu8KpCAsTMs6yi+nVmGh1syvSCsaxz45J6Jbw+9DD6g97+NV67Q==",
      "dependencies": [
        "micromark-util-symbol",
        "micromark-util-types"
      ]
    },
    "micromark-util-chunked@2.0.1": {
      "integrity": "sha512-QUNFEOPELfmvv+4xiNg2sRYeS/P84pTW0TCgP5zc9FpXetHY0ab7SxKyAQCNCc1eK0459uoLI1y5oO5Vc1dbhA==",
      "dependencies": [
        "micromark-util-symbol"
      ]
    },
    "micromark-util-classify-character@2.0.1": {
      "integrity": "sha512-K0kHzM6afW/MbeWYWLjoHQv1sgg2Q9EccHEDzSkxiP/EaagNzCm7T/WMKZ3rjMbvIpvBiZgwR3dKMygtA4mG1Q==",
      "dependencies": [
        "micromark-util-character",
        "micromark-util-symbol",
        "micromark-util-types"
      ]
    },
    "micromark-util-combine-extensions@2.0.1": {
      "integrity": "sha512-OnAnH8Ujmy59JcyZw8JSbK9cGpdVY44NKgSM7E9Eh7DiLS2E9RNQf0dONaGDzEG9yjEl5hcqeIsj4hfRkLH/Bg==",
      "dependencies": [
        "micromark-util-chunked",
        "micromark-util-types"
      ]
    },
    "micromark-util-decode-numeric-character-reference@2.0.2": {
      "integrity": "sha512-ccUbYk6CwVdkmCQMyr64dXz42EfHGkPQlBj5p7YVGzq8I7CtjXZJrubAYezf7Rp+bjPseiROqe7G6foFd+lEuw==",
      "dependencies": [
        "micromark-util-symbol"
      ]
    },
    "micromark-util-decode-string@2.0.1": {
      "integrity": "sha512-nDV/77Fj6eH1ynwscYTOsbK7rR//Uj0bZXBwJZRfaLEJ1iGBR6kIfNmlNqaqJf649EP0F3NWNdeJi03elllNUQ==",
      "dependencies": [
        "decode-named-character-reference",
        "micromark-util-character",
        "micromark-util-decode-numeric-character-reference",
        "micromark-util-symbol"
      ]
    },
    "micromark-util-encode@2.0.1": {
      "integrity": "sha512-c3cVx2y4KqUnwopcO9b/SCdo2O67LwJJ/UyqGfbigahfegL9myoEFoDYZgkT7f36T0bLrM9hZTAaAyH+PCAXjw=="
    },
    "micromark-util-html-tag-name@2.0.1": {
      "integrity": "sha512-2cNEiYDhCWKI+Gs9T0Tiysk136SnR13hhO8yW6BGNyhOC4qYFnwF1nKfD3HFAIXA5c45RrIG1ub11GiXeYd1xA=="
    },
    "micromark-util-normalize-identifier@2.0.1": {
      "integrity": "sha512-sxPqmo70LyARJs0w2UclACPUUEqltCkJ6PhKdMIDuJ3gSf/Q+/GIe3WKl0Ijb/GyH9lOpUkRAO2wp0GVkLvS9Q==",
      "dependencies": [
        "micromark-util-symbol"
      ]
    },
    "micromark-util-resolve-all@2.0.1": {
      "integrity": "sha512-VdQyxFWFT2/FGJgwQnJYbe1jjQoNTS4RjglmSjTUlpUMa95Htx9NHeYW4rGDJzbjvCsl9eLjMQwGeElsqmzcHg==",
      "dependencies": [
        "micromark-util-types"
      ]
    },
    "micromark-util-sanitize-uri@2.0.1": {
      "integrity": "sha512-9N9IomZ/YuGGZZmQec1MbgxtlgougxTodVwDzzEouPKo3qFWvymFHWcnDi2vzV1ff6kas9ucW+o3yzJK9YB1AQ==",
      "dependencies": [
        "micromark-util-character",
        "micromark-util-encode",
        "micromark-util-symbol"
      ]
    },
    "micromark-util-subtokenize@2.1.0": {
      "integrity": "sha512-XQLu552iSctvnEcgXw6+Sx75GflAPNED1qx7eBJ+wydBb2KCbRZe+NwvIEEMM83uml1+2WSXpBAcp9IUCgCYWA==",
      "dependencies": [
        "devlop",
        "micromark-util-chunked",
        "micromark-util-symbol",
        "micromark-util-types"
      ]
    },
    "micromark-util-symbol@2.0.1": {
      "integrity": "sha512-vs5t8Apaud9N28kgCrRUdEed4UJ+wWNvicHLPxCa9ENlYuAY31M0ETy5y1vA33YoNPDFTghEbnh6efaE8h4x0Q=="
    },
    "micromark-util-types@2.0.2": {
      "integrity": "sha512-Yw0ECSpJoViF1qTU4DC6NwtC4aWGt1EkzaQB8KPPyCRR8z9TWeV0HbEFGTO+ZY1wB22zmxnJqhPyTpOVCpeHTA=="
    },
    "micromark@4.0.2": {
      "integrity": "sha512-zpe98Q6kvavpCr1NPVSCMebCKfD7CA2NqZ+rykeNhONIJBpc1tFKt9hucLGwha3jNTNI8lHpctWJWoimVF4PfA==",
      "dependencies": [
        "@types/debug",
        "debug",
        "decode-named-character-reference",
        "devlop",
        "micromark-core-commonmark",
        "micromark-factory-space",
        "micromark-util-character",
        "micromark-util-chunked",
        "micromark-util-combine-extensions",
        "micromark-util-decode-numeric-character-reference",
        "micromark-util-encode",
        "micromark-util-normalize-identifier",
        "micromark-util-resolve-all",
        "micromark-util-sanitize-uri",
        "micromark-util-subtokenize",
        "micromark-util-symbol",
        "micromark-util-types"
      ]
    },
    "ms@2.1.3": {
      "integrity": "sha512-6FlzubTLZG3J2a/NVCAleEhjzq5oxgHyaCU9yYXvcLsvoVaHJq/s5xXI6/XXP6tz7R9xAOtHnSO/tXtF3WRTlA=="
    },
    "property-information@7.0.0": {
      "integrity": "sha512-7D/qOz/+Y4X/rzSB6jKxKUsQnphO046ei8qxG59mtM3RG3DHgTK81HrxrmoDVINJb8NKT5ZsRbwHvQ6B68Iyhg=="
    },
    "rehype-stringify@10.0.1": {
      "integrity": "sha512-k9ecfXHmIPuFVI61B9DeLPN0qFHfawM6RsuX48hoqlaKSF61RskNjSm1lI8PhBEM0MRdLxVVm4WmTqJQccH9mA==",
      "dependencies": [
        "@types/hast",
        "hast-util-to-html",
        "unified"
      ]
    },
    "remark-parse@11.0.0": {
      "integrity": "sha512-FCxlKLNGknS5ba/1lmpYijMUzX2esxW5xQqjWxw2eHFfS2MSdaHVINFmhjo+qN1WhZhNimq0dZATN9pH0IDrpA==",
      "dependencies": [
        "@types/mdast",
        "mdast-util-from-markdown",
        "micromark-util-types",
        "unified"
      ]
    },
    "remark-rehype@11.1.2": {
      "integrity": "sha512-Dh7l57ianaEoIpzbp0PC9UKAdCSVklD8E5Rpw7ETfbTl3FqcOOgq5q2LVDhgGCkaBv7p24JXikPdvhhmHvKMsw==",
      "dependencies": [
        "@types/hast",
        "@types/mdast",
        "mdast-util-to-hast",
        "unified",
        "vfile"
      ]
    },
    "space-separated-tokens@2.0.2": {
      "integrity": "sha512-PEGlAwrG8yXGXRjW32fGbg66JAlOAwbObuqVoJpv/mRgoWDQfgH1wDPvtzWyUSNAXBGSk8h755YDbbcEy3SH2Q=="
    },
    "stringify-entities@4.0.4": {
      "integrity": "sha512-IwfBptatlO+QCJUo19AqvrPNqlVMpW9YEL2LIVY+Rpv2qsjCGxaDLNRgeGsQWJhfItebuJhsGSLjaBbNSQ+ieg==",
      "dependencies": [
        "character-entities-html4",
        "character-entities-legacy"
      ]
    },
    "trim-lines@3.0.1": {
      "integrity": "sha512-kRj8B+YHZCc9kQYdWfJB2/oUl9rA99qbowYYBtr4ui4mZyAQ2JpvVBd/6U2YloATfqBhBTSMhTpgBHtU0Mf3Rg=="
    },
    "trough@2.2.0": {
      "integrity": "sha512-tmMpK00BjZiUyVyvrBK7knerNgmgvcV/KLVyuma/SC+TQN167GrMRciANTz09+k3zW8L8t60jWO1GpfkZdjTaw=="
    },
    "unified@11.0.5": {
      "integrity": "sha512-xKvGhPWw3k84Qjh8bI3ZeJjqnyadK+GEFtazSfZv/rKeTkTjOJho6mFqh2SM96iIcZokxiOpg78GazTSg8+KHA==",
      "dependencies": [
        "@types/unist",
        "bail",
        "devlop",
        "extend",
        "is-plain-obj",
        "trough",
        "vfile"
      ]
    },
    "unist-util-is@6.0.0": {
      "integrity": "sha512-2qCTHimwdxLfz+YzdGfkqNlH0tLi9xjTnHddPmJwtIG9MGsdbutfTc4P+haPD7l7Cjxf/WZj+we5qfVPvvxfYw==",
      "dependencies": [
        "@types/unist"
      ]
    },
    "unist-util-position@5.0.0": {
      "integrity": "sha512-fucsC7HjXvkB5R3kTCO7kUjRdrS0BJt3M/FPxmHMBOm8JQi2BsHAHFsy27E0EolP8rp0NzXsJ+jNPyDWvOJZPA==",
      "dependencies": [
        "@types/unist"
      ]
    },
    "unist-util-stringify-position@4.0.0": {
      "integrity": "sha512-0ASV06AAoKCDkS2+xw5RXJywruurpbC4JZSm7nr7MOt1ojAzvyyaO+UxZf18j8FCF6kmzCZKcAgN/yu2gm2XgQ==",
      "dependencies": [
        "@types/unist"
      ]
    },
    "unist-util-visit-parents@6.0.1": {
      "integrity": "sha512-L/PqWzfTP9lzzEa6CKs0k2nARxTdZduw3zyh8d2NVBnsyvHjSX4TWse388YrrQKbvI8w20fGjGlhgT96WwKykw==",
      "dependencies": [
        "@types/unist",
        "unist-util-is"
      ]
    },
    "unist-util-visit@5.0.0": {
      "integrity": "sha512-MR04uvD+07cwl/yhVuVWAtw+3GOR/knlL55Nd/wAdblk27GCVt3lqpTivy/tkJcZoNPzTwS1Y+KMojlLDhoTzg==",
      "dependencies": [
        "@types/unist",
        "unist-util-is",
        "unist-util-visit-parents"
      ]
    },
    "vfile-message@4.0.2": {
      "integrity": "sha512-jRDZ1IMLttGj41KcZvlrYAaI3CfqpLpfpf+Mfig13viT6NKvRzWZ+lXz0Y5D60w6uJIBAOGq9mSHf0gktF0duw==",
      "dependencies": [
        "@types/unist",
        "unist-util-stringify-position"
      ]
    },
    "vfile@6.0.3": {
      "integrity": "sha512-KzIbH/9tXat2u30jf+smMwFCsno4wHVdNmzFyL+T/L3UGqqk6JKfVqOFOZEpZSHADH1k40ab6NUIXZq422ov3Q==",
      "dependencies": [
        "@types/unist",
        "vfile-message"
      ]
    },
    "zwitch@2.0.4": {
      "integrity": "sha512-bXE4cR/kVZhKZX/RjPEflHaKVhUVl85noU3v6b8apfQEc1x4A+zBxjZ4lN8LqGd6WZ3dl98pY4o717VFmoPp+A=="
    }
  },
  "redirects": {
    "https://esm.sh/@types/extend@~3.0.4/index.d.ts": "https://esm.sh/@types/extend@3.0.4/index.d.ts",
    "https://esm.sh/@types/hast@3.0.4": "https://esm.sh/@types/hast@3.0.4/index.d.ts",
    "https://esm.sh/@types/ungap__structured-clone@~1.2.0/index.d.ts": "https://esm.sh/@types/ungap__structured-clone@1.2.0/index.d.ts",
    "https://esm.sh/@ungap/structured-clone@^1.0.0?target=denonext": "https://esm.sh/@ungap/structured-clone@1.3.0?target=denonext",
    "https://esm.sh/bail@^2.0.0?target=denonext": "https://esm.sh/bail@2.0.2?target=denonext",
    "https://esm.sh/ccount@^2.0.0?target=denonext": "https://esm.sh/ccount@2.0.1?target=denonext",
    "https://esm.sh/character-entities-html4@^2.0.0?target=denonext": "https://esm.sh/character-entities-html4@2.1.0?target=denonext",
    "https://esm.sh/character-entities-legacy@^3.0.0?target=denonext": "https://esm.sh/character-entities-legacy@3.0.0?target=denonext",
    "https://esm.sh/character-entities@^2.0.0?target=denonext": "https://esm.sh/character-entities@2.0.2?target=denonext",
    "https://esm.sh/comma-separated-tokens@^2.0.0?target=denonext": "https://esm.sh/comma-separated-tokens@2.0.3?target=denonext",
    "https://esm.sh/decode-named-character-reference@^1.0.0?target=denonext": "https://esm.sh/decode-named-character-reference@1.1.0?target=denonext",
    "https://esm.sh/devlop@^1.0.0?target=denonext": "https://esm.sh/devlop@1.1.0?target=denonext",
    "https://esm.sh/devlop@^1.1.0?target=denonext": "https://esm.sh/devlop@1.1.0?target=denonext",
    "https://esm.sh/entities@^6.0.0/decode?target=denonext": "https://esm.sh/entities@6.0.0/decode?target=denonext",
    "https://esm.sh/entities@^6.0.0/escape?target=denonext": "https://esm.sh/entities@6.0.0/escape?target=denonext",
    "https://esm.sh/extend@^3.0.0?target=denonext": "https://esm.sh/extend@3.0.2?target=denonext",
    "https://esm.sh/hast-util-from-html@^2.0.0?target=denonext": "https://esm.sh/hast-util-from-html@2.0.3?target=denonext",
    "https://esm.sh/hast-util-from-parse5@^8.0.0?target=denonext": "https://esm.sh/hast-util-from-parse5@8.0.3?target=denonext",
    "https://esm.sh/hast-util-parse-selector@^4.0.0?target=denonext": "https://esm.sh/hast-util-parse-selector@4.0.0?target=denonext",
    "https://esm.sh/hast-util-to-html@^9.0.0?target=denonext": "https://esm.sh/hast-util-to-html@9.0.5?target=denonext",
    "https://esm.sh/hast-util-whitespace@^3.0.0?target=denonext": "https://esm.sh/hast-util-whitespace@3.0.0?target=denonext",
    "https://esm.sh/hastscript@^9.0.0?target=denonext": "https://esm.sh/hastscript@9.0.1?target=denonext",
    "https://esm.sh/html-void-elements@^3.0.0?target=denonext": "https://esm.sh/html-void-elements@3.0.0?target=denonext",
    "https://esm.sh/is-plain-obj@^4.0.0?target=denonext": "https://esm.sh/is-plain-obj@4.1.0?target=denonext",
    "https://esm.sh/mdast-util-from-markdown@^2.0.0?target=denonext": "https://esm.sh/mdast-util-from-markdown@2.0.2?target=denonext",
    "https://esm.sh/mdast-util-to-hast@^13.0.0?target=denonext": "https://esm.sh/mdast-util-to-hast@13.2.0?target=denonext",
    "https://esm.sh/mdast-util-to-string@^4.0.0?target=denonext": "https://esm.sh/mdast-util-to-string@4.0.0?target=denonext",
    "https://esm.sh/micromark-core-commonmark@^2.0.0?target=denonext": "https://esm.sh/micromark-core-commonmark@2.0.3?target=denonext",
    "https://esm.sh/micromark-factory-destination@^2.0.0?target=denonext": "https://esm.sh/micromark-factory-destination@2.0.1?target=denonext",
    "https://esm.sh/micromark-factory-label@^2.0.0?target=denonext": "https://esm.sh/micromark-factory-label@2.0.1?target=denonext",
    "https://esm.sh/micromark-factory-space@^2.0.0?target=denonext": "https://esm.sh/micromark-factory-space@2.0.1?target=denonext",
    "https://esm.sh/micromark-factory-title@^2.0.0?target=denonext": "https://esm.sh/micromark-factory-title@2.0.1?target=denonext",
    "https://esm.sh/micromark-factory-whitespace@^2.0.0?target=denonext": "https://esm.sh/micromark-factory-whitespace@2.0.1?target=denonext",
    "https://esm.sh/micromark-util-character@^2.0.0?target=denonext": "https://esm.sh/micromark-util-character@2.1.1?target=denonext",
    "https://esm.sh/micromark-util-chunked@^2.0.0?target=denonext": "https://esm.sh/micromark-util-chunked@2.0.1?target=denonext",
    "https://esm.sh/micromark-util-classify-character@^2.0.0?target=denonext": "https://esm.sh/micromark-util-classify-character@2.0.1?target=denonext",
    "https://esm.sh/micromark-util-combine-extensions@^2.0.0?target=denonext": "https://esm.sh/micromark-util-combine-extensions@2.0.1?target=denonext",
    "https://esm.sh/micromark-util-decode-numeric-character-reference@^2.0.0?target=denonext": "https://esm.sh/micromark-util-decode-numeric-character-reference@2.0.2?target=denonext",
    "https://esm.sh/micromark-util-decode-string@^2.0.0?target=denonext": "https://esm.sh/micromark-util-decode-string@2.0.1?target=denonext",
    "https://esm.sh/micromark-util-encode@^2.0.0?target=denonext": "https://esm.sh/micromark-util-encode@2.0.1?target=denonext",
    "https://esm.sh/micromark-util-html-tag-name@^2.0.0?target=denonext": "https://esm.sh/micromark-util-html-tag-name@2.0.1?target=denonext",
    "https://esm.sh/micromark-util-normalize-identifier@^2.0.0?target=denonext": "https://esm.sh/micromark-util-normalize-identifier@2.0.1?target=denonext",
    "https://esm.sh/micromark-util-resolve-all@^2.0.0?target=denonext": "https://esm.sh/micromark-util-resolve-all@2.0.1?target=denonext",
    "https://esm.sh/micromark-util-sanitize-uri@^2.0.0?target=denonext": "https://esm.sh/micromark-util-sanitize-uri@2.0.1?target=denonext",
    "https://esm.sh/micromark-util-subtokenize@^2.0.0?target=denonext": "https://esm.sh/micromark-util-subtokenize@2.1.0?target=denonext",
    "https://esm.sh/micromark@^4.0.0?target=denonext": "https://esm.sh/micromark@4.0.2?target=denonext",
    "https://esm.sh/parse5@^7.0.0?target=denonext": "https://esm.sh/parse5@7.3.0?target=denonext",
    "https://esm.sh/property-information@^7.0.0?target=denonext": "https://esm.sh/property-information@7.0.0?target=denonext",
    "https://esm.sh/rehype-parse@^9.0.0?target=denonext": "https://esm.sh/rehype-parse@9.0.1?target=denonext",
    "https://esm.sh/rehype-stringify@^10.0.0?target=denonext": "https://esm.sh/rehype-stringify@10.0.1?target=denonext",
    "https://esm.sh/space-separated-tokens@^2.0.0?target=denonext": "https://esm.sh/space-separated-tokens@2.0.2?target=denonext",
    "https://esm.sh/stringify-entities@^4.0.0?target=denonext": "https://esm.sh/stringify-entities@4.0.4?target=denonext",
    "https://esm.sh/trim-lines@^3.0.0?target=denonext": "https://esm.sh/trim-lines@3.0.1?target=denonext",
    "https://esm.sh/trough@^2.0.0?target=denonext": "https://esm.sh/trough@2.2.0?target=denonext",
    "https://esm.sh/unified@11": "https://esm.sh/unified@11.0.5",
    "https://esm.sh/unified@^11.0.0?target=denonext": "https://esm.sh/unified@11.0.5?target=denonext",
    "https://esm.sh/unist-util-is@^6.0.0?target=denonext": "https://esm.sh/unist-util-is@6.0.0?target=denonext",
    "https://esm.sh/unist-util-position@^5.0.0?target=denonext": "https://esm.sh/unist-util-position@5.0.0?target=denonext",
    "https://esm.sh/unist-util-stringify-position@^4.0.0?target=denonext": "https://esm.sh/unist-util-stringify-position@4.0.0?target=denonext",
    "https://esm.sh/unist-util-visit-parents@^6.0.0?target=denonext": "https://esm.sh/unist-util-visit-parents@6.0.1?target=denonext",
    "https://esm.sh/unist-util-visit@^5.0.0?target=denonext": "https://esm.sh/unist-util-visit@5.0.0?target=denonext",
    "https://esm.sh/vfile-location@^5.0.0?target=denonext": "https://esm.sh/vfile-location@5.0.3?target=denonext",
    "https://esm.sh/vfile-message@^4.0.0?target=denonext": "https://esm.sh/vfile-message@4.0.2?target=denonext",
    "https://esm.sh/vfile@^6.0.0?target=denonext": "https://esm.sh/vfile@6.0.3?target=denonext",
    "https://esm.sh/web-namespaces@^2.0.0?target=denonext": "https://esm.sh/web-namespaces@2.0.1?target=denonext",
    "https://esm.sh/zwitch@^2.0.4?target=denonext": "https://esm.sh/zwitch@2.0.4?target=denonext"
  },
  "remote": {
    "https://esm.sh/@ungap/structured-clone@1.3.0/denonext/esm/deserialize.mjs": "29e87e5dc02d3643f5991019fd1c299c96f83a7e9c3723a8ae108cf468c64281",
    "https://esm.sh/@ungap/structured-clone@1.3.0/denonext/esm/serialize.mjs": "c2afef5002f9580d119e7e392c8e0f1a0c504c6e998086b7bd75134391fc4fb3",
    "https://esm.sh/@ungap/structured-clone@1.3.0/denonext/esm/types.mjs": "c3dbd548db563f0d7de0554d6f02137e26540a661ba9aa42d88a83596e5a2fad",
    "https://esm.sh/@ungap/structured-clone@1.3.0/denonext/structured-clone.mjs": "24cb914aee461ea66fc6e04ca964bb5c2d008523f5ae761bbe68aeb87c851430",
    "https://esm.sh/@ungap/structured-clone@1.3.0?target=denonext": "52c2de6a6654457609e50b1449c5341191c61b0581fadd856ce91c3445e8c381",
    "https://esm.sh/bail@2.0.2/denonext/bail.mjs": "384030255809f49c4056a4876ee94a177253d8f3d77d2f150f097c5ce91f8ec6",
    "https://esm.sh/bail@2.0.2?target=denonext": "4bb045b2ef8bed208c284fdab79fb7b5ae39160febd1c8b35c68d00e858db19b",
    "https://esm.sh/ccount@2.0.1/denonext/ccount.mjs": "7fe48d2ae8ff72ce3162121cac5fa108e5febc672129de4fcbbd5bb11091d8c5",
    "https://esm.sh/ccount@2.0.1?target=denonext": "3b0153e7a5ced17185d70cad41045eb5b4069ee662715ec8d2cbd9ed48ac139d",
    "https://esm.sh/character-entities-html4@2.1.0/denonext/character-entities-html4.mjs": "14e649d0830762860d4bd54ea7dc3021689a25e82728b37d8abea9782b2f1581",
    "https://esm.sh/character-entities-html4@2.1.0?target=denonext": "824a7f4978b540549424b38e0e6a0d80d7f373eef7c5781ae2c1064c577e53c4",
    "https://esm.sh/character-entities-legacy@3.0.0/denonext/character-entities-legacy.mjs": "071940033707fefe06cd5ce012036e2237a885b7551c5b7ab0e80b637eb81394",
    "https://esm.sh/character-entities-legacy@3.0.0?target=denonext": "ab2491261590d5ddd4fe5a6a55a1d5c71226c7a599b040e5974c8aaef11d2ad0",
    "https://esm.sh/character-entities@2.0.2/denonext/character-entities.mjs": "d15396c2d78022cb26a289c75ee1fb7aaa556334bb24ff7b1ca3634a2770c4ef",
    "https://esm.sh/character-entities@2.0.2?target=denonext": "2d10b2ddc9c8e2977f63c2906c25adb68ed7e9bea396059d011463aa067149b9",
    "https://esm.sh/comma-separated-tokens@2.0.3/denonext/comma-separated-tokens.mjs": "a0bd5820bee0e123ff3b4ebc21030ac90b0770a346cf1e28468140e98895f83e",
    "https://esm.sh/comma-separated-tokens@2.0.3?target=denonext": "6719173795c812ef7e117658ce15063037cd95531754a83ae715ccb72ac6e9df",
    "https://esm.sh/decode-named-character-reference@1.1.0/denonext/decode-named-character-reference.mjs": "f07d863e476b49bb78dfc918cf24eb479f53934cf567bb79dd7710229f650484",
    "https://esm.sh/decode-named-character-reference@1.1.0?target=denonext": "891b5a1ec7cdaf06e5ebee0814e33fb931ece81e0d0434512d9d9937932ff496",
    "https://esm.sh/devlop@1.1.0/denonext/devlop.mjs": "c510d1d2f0a44e17c6658ab69e0e93264c5652fcd2f230e528470248c24047e6",
    "https://esm.sh/devlop@1.1.0?target=denonext": "e8f34c5946b08720b9d8f089248ef5c6c81481e07ca3bba5d551f92400e5a474",
    "https://esm.sh/entities@6.0.0/decode?target=denonext": "2b369bde7f2789ef2fc425b65ce476f283030537b1f43f0df91a22105ce91b4d",
    "https://esm.sh/entities@6.0.0/denonext/decode.mjs": "dc58acafd0e6874740da9f73f3c0022d836254c103e3ba0907ae9d977af2c935",
    "https://esm.sh/entities@6.0.0/denonext/escape.mjs": "7343b7f71305a24423a56eb85d26adeaf0496fbb99f148742962c8ec37ec5f82",
    "https://esm.sh/entities@6.0.0/escape?target=denonext": "16f5f8826eae90ddf42d37cb6f708a7a60082fd344b1b5b8d222348b76435046",
    "https://esm.sh/extend@3.0.2/denonext/extend.mjs": "2fcb45893e5be70d629e3c4c6f3100ee1bba03bc672ece1d4ae57c3b88db3a71",
    "https://esm.sh/extend@3.0.2?target=denonext": "35f0cb416b1c2975321f6cfc0fc0e9ae13d3a83fe90705718880f502a2e22ea4",
    "https://esm.sh/hast-util-from-html@2.0.3/denonext/hast-util-from-html.mjs": "0295c68f851cd0beaf7ba237e4ce362c26fc23b41cbe6aeb7c70d40061387f17",
    "https://esm.sh/hast-util-from-html@2.0.3?target=denonext": "a91bd0f67bdc282b67e7b9b3bf9d8500a090917b14317ad5004a11afbe63a05d",
    "https://esm.sh/hast-util-from-parse5@8.0.3/denonext/hast-util-from-parse5.mjs": "84b5c3de002cebde0d92be7df65b24f3b62c5495e717c66c593210e9420689f6",
    "https://esm.sh/hast-util-from-parse5@8.0.3?target=denonext": "e83c7ce8e76b13d8a49716f967d593dde525743dc4c05775e37af764c20eeb38",
    "https://esm.sh/hast-util-parse-selector@4.0.0/denonext/hast-util-parse-selector.mjs": "216411b5c1eb2cd0e62a90a7f112f0e8a890b1be13448586b9f486d3e3205860",
    "https://esm.sh/hast-util-parse-selector@4.0.0?target=denonext": "7aa36572a810cc1ce3c8baa603f6ce0ff5193206c30fc46d6159ec3bba9fb072",
    "https://esm.sh/hast-util-to-html@9.0.5/denonext/hast-util-to-html.mjs": "93cf23673919dcf7f53a6bcbe795bfd05cafb40597c9241606bff5146197d13d",
    "https://esm.sh/hast-util-to-html@9.0.5?target=denonext": "3df1845ce76aba4a248048ec3a8d8a2b31e30ec10f9a77547017d466f0a5ea7d",
    "https://esm.sh/hast-util-whitespace@3.0.0/denonext/hast-util-whitespace.mjs": "aaa57ca9ef905639a27cac35d98f3b3d2e2eac1c06e896f7a09a7b3367b6d2bb",
    "https://esm.sh/hast-util-whitespace@3.0.0?target=denonext": "d3a1759ba0bc6eae4c5e15544d0ff4bc6a472e2ae32c09d0ad73e37acf9a05c5",
    "https://esm.sh/hastscript@9.0.1/denonext/hastscript.mjs": "b86e25300334fcff9d7f3a7ca7b928b3b2881c43829a6c47b5cbfcf30158e495",
    "https://esm.sh/hastscript@9.0.1/denonext/lib/index.mjs": "4f0140b648b3a287ff37bb17316fc85b804047fb6629dd31976a937a6a5391b3",
    "https://esm.sh/hastscript@9.0.1?target=denonext": "950a3d8b8c2f30a67db7f1a868d736748369bb77881ababd0177d0f601c92ebd",
    "https://esm.sh/html-void-elements@3.0.0/denonext/html-void-elements.mjs": "578a33e9aef494830dcb4a30c5853a2e4f2ed5171d60bd29715911284d44fb72",
    "https://esm.sh/html-void-elements@3.0.0?target=denonext": "075cf34c83eb55aac347b748809e3de9658f988303eb3b10c07507ac4617e587",
    "https://esm.sh/is-plain-obj@4.1.0/denonext/is-plain-obj.mjs": "b2148bf350315cbc1ea1a04b358367e4daf3a9da53a634220d7f1a42e110ed4e",
    "https://esm.sh/is-plain-obj@4.1.0?target=denonext": "1816dcb650ccabbf582c01010105a7d09d5138a4745be4d10d21efba5d2513ee",
    "https://esm.sh/mdast-util-from-markdown@2.0.2/denonext/mdast-util-from-markdown.mjs": "1177962b4e41eedffa8f46b06584c43a84591cf03641ab6b890318e9471f750a",
    "https://esm.sh/mdast-util-from-markdown@2.0.2?target=denonext": "2687f8fb508708e37de6d7531894d5472223e3b76fde684fdfb178f2ac101ceb",
    "https://esm.sh/mdast-util-to-hast@13.2.0/denonext/mdast-util-to-hast.mjs": "d38181796d0e363b9b5ba7f31b916b10cc89d37b4050647125bcea88787eb82e",
    "https://esm.sh/mdast-util-to-hast@13.2.0?target=denonext": "3fcda7388f44df104401e077283a2f651abd6dc241f3e47c55eee2b48fe504e3",
    "https://esm.sh/mdast-util-to-string@4.0.0/denonext/mdast-util-to-string.mjs": "0cc67aaadd998d60b82ab54c51f6320231f915aa6288694eb1a5eea017226a73",
    "https://esm.sh/mdast-util-to-string@4.0.0?target=denonext": "8d15ff9b0a1cac20bfd8af081a133c6d7aac64e34fdd237aeb35cdb3521948ea",
    "https://esm.sh/micromark-core-commonmark@2.0.3/denonext/micromark-core-commonmark.mjs": "672c110ff674d54beacf859caaccb66ad776316eeed024b5c1c86ed896c66cdf",
    "https://esm.sh/micromark-core-commonmark@2.0.3?target=denonext": "72b4814f8a2c3152170ad0c01310b275e3d52650ff9399d3401a251881076608",
    "https://esm.sh/micromark-factory-destination@2.0.1/denonext/micromark-factory-destination.mjs": "02e9933a1b99e5ca4bddb92658a310fbb9c6eade47e3c6e0d9c9ec2b0b6b1503",
    "https://esm.sh/micromark-factory-destination@2.0.1?target=denonext": "20f6c02cb016930493fd90ead45cf9907af1e23cc31ac0666bd9d1f012392db2",
    "https://esm.sh/micromark-factory-label@2.0.1/denonext/micromark-factory-label.mjs": "932e00402dd441f65871fe07a500722c8384475949606d74aa34d6e9d1affaed",
    "https://esm.sh/micromark-factory-label@2.0.1?target=denonext": "36d5ecce5715456ef6df4b6df41f6afbd4664e88ebc938e3b968398e7a131873",
    "https://esm.sh/micromark-factory-space@2.0.1/denonext/micromark-factory-space.mjs": "629330f72ac17c306c0a96fa8585564983a555acce6123dc5a19b4168844b3dc",
    "https://esm.sh/micromark-factory-space@2.0.1?target=denonext": "534110c835418f7734d5a95c0b3d17a3407cc7ad185b29f614debd0fc764a273",
    "https://esm.sh/micromark-factory-title@2.0.1/denonext/micromark-factory-title.mjs": "54836826d7b01f9df3eb879e28723e68cc651ff6ee1209e0d330fad7d9e2a1c9",
    "https://esm.sh/micromark-factory-title@2.0.1?target=denonext": "89b698c68705321d42bb80f1de290de3eb5f47e75256abcd918c9307baac052e",
    "https://esm.sh/micromark-factory-whitespace@2.0.1/denonext/micromark-factory-whitespace.mjs": "97e209d227ab5374ae9693f83386efa99374acd94f9fbfd1460423e1b5d201da",
    "https://esm.sh/micromark-factory-whitespace@2.0.1?target=denonext": "31d15afad988724c6364cea162fd3693bccb899b03d5df916377981a7577f175",
    "https://esm.sh/micromark-util-character@2.1.1/denonext/micromark-util-character.mjs": "f906588cf18dd5385e3eec4f0a2fba64c4e76fd8b646209b65011a386bc04d00",
    "https://esm.sh/micromark-util-character@2.1.1?target=denonext": "e445c6bc3be10c82ccc5d79255b50683c22903f7c3cad535cda227b9325530ff",
    "https://esm.sh/micromark-util-chunked@2.0.1/denonext/micromark-util-chunked.mjs": "1bf94c0d563ca1ec32d5ec293c5d99145865678ff0bdf8e96804a84d591b3691",
    "https://esm.sh/micromark-util-chunked@2.0.1?target=denonext": "6647a0b1b1cfd638fd3a1fa272d2828d9989e5d78e0ef986572b72f5a3185b45",
    "https://esm.sh/micromark-util-classify-character@2.0.1/denonext/micromark-util-classify-character.mjs": "d9e1f27ac78b50280e193cb0916205ef09b10a525d454de4ed62b32887795da6",
    "https://esm.sh/micromark-util-classify-character@2.0.1?target=denonext": "5091803eac11e1066ee40e203056cbb98e6f935f9913016c35e29bb4a9bede0a",
    "https://esm.sh/micromark-util-combine-extensions@2.0.1/denonext/micromark-util-combine-extensions.mjs": "390e174b64b38891ec66fb33c8abd147e88a537995464d876ba3273ad00d0288",
    "https://esm.sh/micromark-util-combine-extensions@2.0.1?target=denonext": "2efbd7613fad4a46ea11f1dcad11b4026d9b83928f8189f39949cabc725211d4",
    "https://esm.sh/micromark-util-decode-numeric-character-reference@2.0.2/denonext/micromark-util-decode-numeric-character-reference.mjs": "a0ad32383214578b5e535e342d616437e03e70221edd0a311ae65ee4b3564c53",
    "https://esm.sh/micromark-util-decode-numeric-character-reference@2.0.2?target=denonext": "4913b8680d6ed01be5b15ee66ef9e01c70e29758bd07d776b5fc6e24a2189195",
    "https://esm.sh/micromark-util-decode-string@2.0.1/denonext/micromark-util-decode-string.mjs": "c1158d76dd23af8ffd32342e613b43112337b6614219ff44d2368760009dcdca",
    "https://esm.sh/micromark-util-decode-string@2.0.1?target=denonext": "065611d34090b46cea4d83d240a6db94a360c2095e1b70596b97efabf3a063ce",
    "https://esm.sh/micromark-util-encode@2.0.1/denonext/micromark-util-encode.mjs": "fba5f874b451986181d4e9948ef8c9baba3b4f5120ec3579ea56f76877df4cb4",
    "https://esm.sh/micromark-util-encode@2.0.1?target=denonext": "fc0f1c8fc2cad5e6edc2157f7faf3c0a59a73aeb49e03f8ccddd9a478c8f1ad8",
    "https://esm.sh/micromark-util-html-tag-name@2.0.1/denonext/micromark-util-html-tag-name.mjs": "a71b054204ce74dc2eb87bb8f9b9fdfa2154efde7a95223853dd8fffc44977b7",
    "https://esm.sh/micromark-util-html-tag-name@2.0.1?target=denonext": "7d3b4f82d036e0333fb31cd34182e40b9425f3202e7e50054654c7bdadfaadc1",
    "https://esm.sh/micromark-util-normalize-identifier@2.0.1/denonext/micromark-util-normalize-identifier.mjs": "c8ca3b1cb2fc123195b6b3dfa2f7f313f5287ec1c890a636950bbb3f13bf18c9",
    "https://esm.sh/micromark-util-normalize-identifier@2.0.1?target=denonext": "e9582a4c88f1d000a6881cd50b4ebc1e523719ca1bd30bf2c7b5ed9e57d0c72b",
    "https://esm.sh/micromark-util-resolve-all@2.0.1/denonext/micromark-util-resolve-all.mjs": "553a992e0b3875bbfcdb41299f024878cbf726f264dff46db7a6c20e1908c6f0",
    "https://esm.sh/micromark-util-resolve-all@2.0.1?target=denonext": "dcc380222d422919d39858699d6b27e9c902828dfd58c9e6c4c32933496d2c9d",
    "https://esm.sh/micromark-util-sanitize-uri@2.0.1/denonext/micromark-util-sanitize-uri.mjs": "cf55ce70c5cc1379955116bf7ad8ae6a317078a47d48c44c69742358c81e1220",
    "https://esm.sh/micromark-util-sanitize-uri@2.0.1?target=denonext": "14ec4f9c3a39e97707e89dd16cb7cf975387ea75442d319b308417b7f6abd74c",
    "https://esm.sh/micromark-util-subtokenize@2.1.0/denonext/micromark-util-subtokenize.mjs": "43a653234a9f01479e063051f1e6237cd98d31c08aaf8fdf8fff82689bffdbed",
    "https://esm.sh/micromark-util-subtokenize@2.1.0?target=denonext": "9260b377186fe70f3d07f902245736b0eb3bee21500abbaa5d7152453e5faf59",
    "https://esm.sh/micromark@4.0.2/denonext/lib/compile.mjs": "de179ea8d69051838e67a7401330ee6385f995796c5c2407f66cfc41c72e1a33",
    "https://esm.sh/micromark@4.0.2/denonext/lib/parse.mjs": "5b1195b93c1c798d07b2c37c5501ab8302b07c981de2502da5de96c193852a71",
    "https://esm.sh/micromark@4.0.2/denonext/lib/postprocess.mjs": "888ee21a24ccca485159179ac8f423da81a820355d5b1a0216a7def7dd49309b",
    "https://esm.sh/micromark@4.0.2/denonext/lib/preprocess.mjs": "eb3ca8178876c8bdda0c56b0191aedf59b9822de983d051bfbe6e02e6c4f2c0d",
    "https://esm.sh/micromark@4.0.2/denonext/micromark.mjs": "d6a301df31742731490de7931fe6bc1d42dde369e2f3b58e685b09c1905b04b4",
    "https://esm.sh/micromark@4.0.2?target=denonext": "b3012311265a68f11418c31073bdedf455b001a9f835615a0635258e36087305",
    "https://esm.sh/parse5@7.3.0/denonext/parse5.mjs": "39564d89f13b5d701ac8f869caea8660ada421fcd19ef2234adfd935cf7cf27e",
    "https://esm.sh/parse5@7.3.0?target=denonext": "898a8cf4c02510b1cd0f90c9dffdfe9229f31f2dec425310da4404d472137f2e",
    "https://esm.sh/property-information@7.0.0/denonext/property-information.mjs": "5c2d53f921fdc0075e85eaea249337eaa04c2d1dd936825ec10d75bba5185f2d",
    "https://esm.sh/property-information@7.0.0?target=denonext": "20683fdddbe4a5cc287e48d3999e45859f8d63b2af5d91f17b5ef456d2fe9718",
    "https://esm.sh/rehype-parse@9.0.1/denonext/rehype-parse.mjs": "45c385e472f941578f59c76f9d0d53e6685e90445bb94889c0c26b4982099727",
    "https://esm.sh/rehype-parse@9.0.1?target=denonext": "15a95333d94097e920b6cfdaa9924536a25b0d3cbf83a27974f6df97338a18e8",
    "https://esm.sh/rehype-stringify@10.0.1": "7f077b0b56335be3ab4c3646f8d3820f947a18187b83465ada74b840a5ec44fa",
    "https://esm.sh/rehype-stringify@10.0.1/denonext/rehype-stringify.mjs": "5957daef4a674184ad9c9137e189a7cccfa87ecf62828d58f3702503464389fc",
    "https://esm.sh/rehype-stringify@10.0.1?target=denonext": "7f077b0b56335be3ab4c3646f8d3820f947a18187b83465ada74b840a5ec44fa",
    "https://esm.sh/rehype@13.0.0/": "0725f75bce71af3dee945a6c82eb77752677d03e96703aa4b4d89da49604a21e",
    "https://esm.sh/rehype@13.0.0/denonext/rehype.mjs": "b5213e3d7bd2531263a72a74fb171f42eeba9409cfea6eef8f697cb5931dfc6c",
    "https://esm.sh/remark-parse@11.0.0": "f281dbd72bbffef14d203ae8d7f06ff88c5f04890e3546bd15aac84f9753e2cc",
    "https://esm.sh/remark-parse@11.0.0/denonext/remark-parse.mjs": "45f932d8db3742e527bbffa83c0c22dd9a16c01febe0c5083e048681a542aef0",
    "https://esm.sh/remark-rehype@11.1.2": "747e5d61ca565d6306c62588cc27cd2d0c1bf454ecac46f9b08aeff800dc3e9d",
    "https://esm.sh/remark-rehype@11.1.2/denonext/remark-rehype.mjs": "3400751a58d9548faf320db16ed0a81a13d264944041e059b8622ab80022ab8b",
    "https://esm.sh/space-separated-tokens@2.0.2/denonext/space-separated-tokens.mjs": "57c49ae52e83a3c97c91bdd715424c01edf87165f59750ab35edadc2bddb0b19",
    "https://esm.sh/space-separated-tokens@2.0.2?target=denonext": "f77ed6e61143c1f45c217b9a8d840c45f72568cf7018df500390ff55b9dd5053",
    "https://esm.sh/stringify-entities@4.0.4/denonext/stringify-entities.mjs": "5f917d84c5131eb90460fd11659433eaaba8864295a17c63ed19f854bfd93d42",
    "https://esm.sh/stringify-entities@4.0.4?target=denonext": "9f9c4497f90f13453fef1b8ceb3a6b494186afb72d278de86d7cbc3215b1df9c",
    "https://esm.sh/trim-lines@3.0.1/denonext/trim-lines.mjs": "51a48e8dffe302757f19f571d5c32d2b9595694f371a77bc1501efe96a67575f",
    "https://esm.sh/trim-lines@3.0.1?target=denonext": "618bf1e3b54affb937d3e344f250254b880ca2b891e08f586bc1aa50a790196f",
    "https://esm.sh/trough@2.2.0/denonext/trough.mjs": "fada5c5b43a3812bc17588a3ff3db5bafb276d50fb97ec8f06bc74f93dca76fb",
    "https://esm.sh/trough@2.2.0?target=denonext": "8b2d3baca46cd23524f77b1db60ff17176032b1212c5887c23029d410d509ccc",
    "https://esm.sh/unified@11.0.5": "72e30274eb07271c1cf92faffd5d33b4ecd714032bad012c1eb007ada1e11e01",
    "https://esm.sh/unified@11.0.5/": "72e30274eb07271c1cf92faffd5d33b4ecd714032bad012c1eb007ada1e11e01",
    "https://esm.sh/unified@11.0.5/denonext/unified.mjs": "b08baaf0a903c9d7c0513975d94c6631b35781396131a409b773ab05e080570d",
    "https://esm.sh/unified@11.0.5?target=denonext": "72e30274eb07271c1cf92faffd5d33b4ecd714032bad012c1eb007ada1e11e01",
    "https://esm.sh/unist-util-is@6.0.0/denonext/unist-util-is.mjs": "bbc00c612fd8daa022e50a0061856c52be17e0caa699dffa1e7b83b3bbe7b9f2",
    "https://esm.sh/unist-util-is@6.0.0?target=denonext": "7ac7092e893f27ed8edacb142d04dcc37169fdcfaa2ae8833a51fb9762d5e41f",
    "https://esm.sh/unist-util-position@5.0.0/denonext/unist-util-position.mjs": "f6b47f550945fd73b9ec29789ad9928dad64163906511b9ce1fb6f1063d4b620",
    "https://esm.sh/unist-util-position@5.0.0?target=denonext": "3a9921d02dfc1dfe7ba72f260ec5d7bca2da381c8a9a345b15f9a191523a7b8f",
    "https://esm.sh/unist-util-stringify-position@4.0.0/denonext/unist-util-stringify-position.mjs": "1e524ff61198426bbdd72735fe7c372b83dbb1c6e5bfa9ab7d0f15268eb65c52",
    "https://esm.sh/unist-util-stringify-position@4.0.0?target=denonext": "b096f6b3c0936aeeafa56a86945fa7add4e1ec11986f61f09aabe332edab4581",
    "https://esm.sh/unist-util-visit-parents@6.0.1/denonext/do-not-use-color.mjs": "94b57609e52050f8d615ab3d096a2efb7183053a494dee89f9af2fe6c8fb9f0b",
    "https://esm.sh/unist-util-visit-parents@6.0.1/denonext/unist-util-visit-parents.mjs": "8a147d91f7a2850549a66368715bbc7c4f057d5985c8606406cd39a1970d3b06",
    "https://esm.sh/unist-util-visit-parents@6.0.1?target=denonext": "d34dfd64dfda160231fe9a0dbf994475b1d5194b2874d9c3309593e942f85ae8",
    "https://esm.sh/unist-util-visit@5.0.0/": "c877716ff21eeb6c104d3fc273bd29962611c2b6eed815be90aa1dbffc448b06",
    "https://esm.sh/unist-util-visit@5.0.0/denonext/unist-util-visit.mjs": "a09fab16c3eafd466e5b5dab65ab76cb8f1eafa360b457eef35a529f59725d7f",
    "https://esm.sh/unist-util-visit@5.0.0?target=denonext": "c877716ff21eeb6c104d3fc273bd29962611c2b6eed815be90aa1dbffc448b06",
    "https://esm.sh/vfile-location@5.0.3/denonext/vfile-location.mjs": "d34289851cb47f558c55b3e582842c6bd4066ff1669321bc6ff78811628483ff",
    "https://esm.sh/vfile-location@5.0.3?target=denonext": "1d6ce4215183da89e79baa3edb21ec6db7a59d5f54a9a6246534d9bef1a055c1",
    "https://esm.sh/vfile-message@4.0.2/denonext/vfile-message.mjs": "e7f27b18d02e476fc4b2675f1a19291148202a94d0e606a2eec6bffa01263bc7",
    "https://esm.sh/vfile-message@4.0.2?target=denonext": "df904ecca10a183a9cb55d1497a3778e64f4a47d59edc2821b8dcf16974b759d",
    "https://esm.sh/vfile@6.0.3/denonext/vfile.mjs": "b446746c9851716929eccc2fba7959efebb504d9bfa8b2ff896010fc6d1faafa",
    "https://esm.sh/vfile@6.0.3?target=denonext": "327f726bcdb4cf07c2a6f4a5aa0e29941cdf0e44b536cef3b85f7a28b862e423",
    "https://esm.sh/web-namespaces@2.0.1/denonext/web-namespaces.mjs": "4dd7f041b26a2deec87861cfd59ed6da9806c3b9452f8f6a98a28a457cc95a5f",
    "https://esm.sh/web-namespaces@2.0.1?target=denonext": "77d5a85f80ffccdab7eff654030967d094cfdb35bdc18ad9bd9c2c7e5e7dce74",
    "https://esm.sh/zwitch@2.0.4/denonext/zwitch.mjs": "9952f81d17f82f6d3ba09f0b593e479474825403f4956e3c48d77555d699ac0c",
    "https://esm.sh/zwitch@2.0.4?target=denonext": "6be0fec2f874b4fdeec2943cd95522fce96968c8f4b3b4ac87f6110409d3c370"
  },
  "workspace": {
    "dependencies": [
      "jsr:@std/assert@1"
    ]
  }
}
